{
    "_readme": [
        "This file locks the dependencies of your project to a known state",
        "Read more about it at https://getcomposer.org/doc/01-basic-usage.md#composer-lock-the-lock-file",
        "This file is @generated automatically"
    ],
    "hash": "f697a6c6fb36de62df5f59b47dce8388",
    "content-hash": "2601bf6e7d7845024044233cef06d667",
    "packages": [
        {
            "name": "rquadling/lalit",
            "version": "1.6.3",
            "source": {
                "type": "git",
                "url": "https://github.com/rquadling/lalit.git",
                "reference": "dc05d3b3e00046791695bcce2f3c2c5b54cc3cbb"
            },
            "dist": {
                "type": "zip",
                "url": "https://api.github.com/repos/rquadling/lalit/zipball/dc05d3b3e00046791695bcce2f3c2c5b54cc3cbb",
                "reference": "dc05d3b3e00046791695bcce2f3c2c5b54cc3cbb",
                "shasum": ""
            },
            "require-dev": {
                "mockery/mockery": "^0",
                "phpunit/phpunit": "^4|^5"
            },
            "type": "library",
            "autoload": {
                "psr-4": {
                    "LaLit\\": "src"
                }
            },
            "notification-url": "https://packagist.org/downloads/",
            "license": [
                "Apache License 2.0"
            ],
            "authors": [
                {
                    "name": "Lalit Patel",
                    "role": "Lead Developer"
                },
                {
                    "name": "Richard Quadling",
                    "role": "Developer"
                }
            ],
            "description": "GitHub copy of LaLit's XML2Array and Array2XML",
            "homepage": "http://www.lalit.org/lab",
            "keywords": [
                "array",
                "xml"
            ],
            "time": "2016-10-05 10:04:57"
        }
    ],
    "packages-dev": [],
    "aliases": [],
    "minimum-stability": "stable",
    "stability-flags": [],
    "prefer-stable": false,
    "prefer-lowest": false,
    "platform": [],
    "platform-dev": []
}
